# generated by rye
# use `rye lock` or `rye sync` to update this lockfile
#
# last locked with the following flags:
#   pre: false
#   features: []
#   all-features: false
#   with-sources: false

-e file:.
attrs==23.2.0
certifi==2024.2.2
cftime==1.6.3
click==8.1.7
importlib-resources==6.1.1
netcdf4==1.6.5
numpy==1.26.4
packaging==23.2
pandas==2.2.0
pint==0.23
python-dateutil==2.8.2
pytz==2024.1
scipy==1.12.0
six==1.16.0
typing-extensions==4.9.0
tzdata==2023.4
ussa1976==0.3.4
xarray==2024.1.1
